
Microsoft Visual Studio Solution File, Format Version 12.00
# Visual Studio 15
Project("{FAE04EC0-301F-11D3-BF4B-00C04F79EFBC}") = "UnityEngine.TestRunner", "UnityEngine.TestRunner.csproj", "{813D95ED-2AF4-48F7-018B-FF63BCDEA75E}"
EndProject
Project("{FAE04EC0-301F-11D3-BF4B-00C04F79EFBC}") = "Unity.Mathematics", "Unity.Mathematics.csproj", "{96682FB1-785E-F92B-2248-16BAE4087947}"
EndProject
Project("{FAE04EC0-301F-11D3-BF4B-00C04F79EFBC}") = "Unity.2D.Animation.Triangle.Runtime", "Unity.2D.Animation.Triangle.Runtime.csproj", "{3F0F78DD-84D0-F6B2-7D89-7FBA801775F7}"
EndProject
Project("{FAE04EC0-301F-11D3-BF4B-00C04F79EFBC}") = "Unity.Timeline", "Unity.Timeline.csproj", "{78D9813F-7AE5-3EA5-1F8F-4CAB05F73E1C}"
EndProject
Project("{FAE04EC0-301F-11D3-BF4B-00C04F79EFBC}") = "UnityEngine.UI", "UnityEngine.UI.csproj", "{DC40C48D-AF0E-833F-A7DB-92C934DE19F2}"
EndProject
Project("{FAE04EC0-301F-11D3-BF4B-00C04F79EFBC}") = "Unity.TextMeshPro", "Unity.TextMeshPro.csproj", "{7926E67D-E117-E215-3827-9FC841EEC1BF}"
EndProject
Project("{FAE04EC0-301F-11D3-BF4B-00C04F79EFBC}") = "Unity.2D.Animation.Runtime", "Unity.2D.Animation.Runtime.csproj", "{FA626153-DDEC-A16C-6C80-522BFC239185}"
EndProject
Project("{FAE04EC0-301F-11D3-BF4B-00C04F79EFBC}") = "Unity.2D.IK.Runtime", "Unity.2D.IK.Runtime.csproj", "{6E46DF6A-BCB8-021A-610D-E00EEBA2583E}"
EndProject
Project("{FAE04EC0-301F-11D3-BF4B-00C04F79EFBC}") = "Unity.2D.SpriteShape.Runtime", "Unity.2D.SpriteShape.Runtime.csproj", "{DB7A3EB2-24AA-CDC7-AC8E-222EA9F36594}"
EndProject
Project("{FAE04EC0-301F-11D3-BF4B-00C04F79EFBC}") = "Unity.2D.PixelPerfect", "Unity.2D.PixelPerfect.csproj", "{D3309719-E0A3-0E86-7244-F88B72B46908}"
EndProject
Project("{FAE04EC0-301F-11D3-BF4B-00C04F79EFBC}") = "Assembly-CSharp", "Assembly-CSharp.csproj", "{296D509D-0597-D767-7C05-E11D9DAB9E8A}"
EndProject
Project("{FAE04EC0-301F-11D3-BF4B-00C04F79EFBC}") = "Unity.2D.Common.Runtime", "Unity.2D.Common.Runtime.csproj", "{B4091B9D-3E2B-4682-96FC-C29F9F5107BE}"
EndProject
Project("{FAE04EC0-301F-11D3-BF4B-00C04F79EFBC}") = "Unity.InternalAPIEngineBridge.001", "Unity.InternalAPIEngineBridge.001.csproj", "{933D9CE8-79EE-AF6A-B18E-ADDA9FDEA299}"
EndProject
Project("{FAE04EC0-301F-11D3-BF4B-00C04F79EFBC}") = "UnityEditor.TestRunner", "UnityEditor.TestRunner.csproj", "{9F5275E2-0123-E021-8C3A-25E060EF24C1}"
EndProject
Project("{FAE04EC0-301F-11D3-BF4B-00C04F79EFBC}") = "Unity.PlasticSCM.Editor", "Unity.PlasticSCM.Editor.csproj", "{15687A3E-AC78-2293-3332-6CF6A434BDA8}"
EndProject
Project("{FAE04EC0-301F-11D3-BF4B-00C04F79EFBC}") = "UnityEditor.UI", "UnityEditor.UI.csproj", "{79EE754C-7178-9CC1-784B-4FACBE222C0F}"
EndProject
Project("{FAE04EC0-301F-11D3-BF4B-00C04F79EFBC}") = "Unity.Services.Core.Editor", "Unity.Services.Core.Editor.csproj", "{2021A039-DCB9-FB1C-F5E1-AB310B46464A}"
EndProject
Project("{FAE04EC0-301F-11D3-BF4B-00C04F79EFBC}") = "Unity.Timeline.Editor", "Unity.Timeline.Editor.csproj", "{1E96FEF4-11D3-EA73-4D82-6AF0DC10FF20}"
EndProject
Project("{FAE04EC0-301F-11D3-BF4B-00C04F79EFBC}") = "Unity.VisualStudio.Editor", "Unity.VisualStudio.Editor.csproj", "{429CF771-2EF9-3AC7-F5C2-AECA77249A1B}"
EndProject
Project("{FAE04EC0-301F-11D3-BF4B-00C04F79EFBC}") = "Unity.2D.Psdimporter.Editor", "Unity.2D.Psdimporter.Editor.csproj", "{CC34F6A9-4AED-5702-50C5-648C3513F5A2}"
EndProject
Project("{FAE04EC0-301F-11D3-BF4B-00C04F79EFBC}") = "Unity.2D.Animation.Editor", "Unity.2D.Animation.Editor.csproj", "{3A0BD54B-97AF-3A04-ADD2-A79A67A0D647}"
EndProject
Project("{FAE04EC0-301F-11D3-BF4B-00C04F79EFBC}") = "Unity.TextMeshPro.Editor", "Unity.TextMeshPro.Editor.csproj", "{A4F993C4-49C5-DCFB-12D1-6155DEFDD090}"
EndProject
Project("{FAE04EC0-301F-11D3-BF4B-00C04F79EFBC}") = "Unity.2D.SpriteShape.Editor", "Unity.2D.SpriteShape.Editor.csproj", "{50C3A6F9-D977-C756-4E25-0F10B8B01A9C}"
EndProject
Project("{FAE04EC0-301F-11D3-BF4B-00C04F79EFBC}") = "Unity.CollabProxy.Editor", "Unity.CollabProxy.Editor.csproj", "{7DB6A41A-C64A-2058-5E16-A66D2A483BAC}"
EndProject
Project("{FAE04EC0-301F-11D3-BF4B-00C04F79EFBC}") = "PsdPlugin", "PsdPlugin.csproj", "{3186FF82-2321-A508-4EFD-1DD23710AF9B}"
EndProject
Project("{FAE04EC0-301F-11D3-BF4B-00C04F79EFBC}") = "Unity.2D.Path.Editor", "Unity.2D.Path.Editor.csproj", "{16F5D784-8737-8EAD-69B8-050BB8CDE9BA}"
EndProject
Project("{FAE04EC0-301F-11D3-BF4B-00C04F79EFBC}") = "Unity.Rider.Editor", "Unity.Rider.Editor.csproj", "{923AFDBB-03A8-4413-45C8-E3DDC5061E5F}"
EndProject
Project("{FAE04EC0-301F-11D3-BF4B-00C04F79EFBC}") = "Unity.2D.IK.Editor", "Unity.2D.IK.Editor.csproj", "{2B358469-B970-3377-AA3B-BC30E9DAE507}"
EndProject
Project("{FAE04EC0-301F-11D3-BF4B-00C04F79EFBC}") = "Unity.2D.Sprite.Editor", "Unity.2D.Sprite.Editor.csproj", "{FCF34351-A5F4-A98D-17CF-5FA40E2DE2BF}"
EndProject
Project("{FAE04EC0-301F-11D3-BF4B-00C04F79EFBC}") = "Unity.2D.Tilemap.Editor", "Unity.2D.Tilemap.Editor.csproj", "{9968F247-8BB5-1047-D99D-44FA45ADDBEA}"
EndProject
Project("{FAE04EC0-301F-11D3-BF4B-00C04F79EFBC}") = "Unity.2D.PixelPerfect.Editor", "Unity.2D.PixelPerfect.Editor.csproj", "{E880E594-1BBD-267E-314D-216E63DCB3B7}"
EndProject
Project("{FAE04EC0-301F-11D3-BF4B-00C04F79EFBC}") = "Unity.VSCode.Editor", "Unity.VSCode.Editor.csproj", "{9C824389-5668-04C6-CBB4-CCB45DDCCF35}"
EndProject
Project("{FAE04EC0-301F-11D3-BF4B-00C04F79EFBC}") = "Unity.2D.Common.Editor", "Unity.2D.Common.Editor.csproj", "{A0900BCD-99A5-5EF5-DBF5-9EC6CDB8F1E9}"
EndProject
Project("{FAE04EC0-301F-11D3-BF4B-00C04F79EFBC}") = "Unity.Mathematics.Editor", "Unity.Mathematics.Editor.csproj", "{D3EDDE13-AB9B-FA17-B4B5-095810B4E173}"
EndProject
Project("{FAE04EC0-301F-11D3-BF4B-00C04F79EFBC}") = "Unity.InternalAPIEditorBridge.001", "Unity.InternalAPIEditorBridge.001.csproj", "{D9E0F5BF-7287-D38B-1AB3-FEF45C7AC2FA}"
EndProject
Project("{FAE04EC0-301F-11D3-BF4B-00C04F79EFBC}") = "UnityEngine.TestRunner", "UnityEngine.TestRunner.Player.csproj", "{9049C222-F00A-BBA0-8833-759DF69B531C}"
EndProject
Project("{FAE04EC0-301F-11D3-BF4B-00C04F79EFBC}") = "Unity.Mathematics", "Unity.Mathematics.Player.csproj", "{75E71837-66F2-BE2D-8AE8-34F840F1DD4D}"
EndProject
Project("{FAE04EC0-301F-11D3-BF4B-00C04F79EFBC}") = "Unity.2D.Animation.Triangle.Runtime", "Unity.2D.Animation.Triangle.Runtime.Player.csproj", "{11CEDF1F-5495-83B2-87CA-85A9E7B49383}"
EndProject
Project("{FAE04EC0-301F-11D3-BF4B-00C04F79EFBC}") = "Unity.Timeline", "Unity.Timeline.Player.csproj", "{F41F5343-3ACE-EFF4-4236-F255DB18D86F}"
EndProject
Project("{FAE04EC0-301F-11D3-BF4B-00C04F79EFBC}") = "UnityEngine.UI", "UnityEngine.UI.Player.csproj", "{38563E34-3A43-AE01-9C13-A22BF78EFADC}"
EndProject
Project("{FAE04EC0-301F-11D3-BF4B-00C04F79EFBC}") = "Unity.TextMeshPro", "Unity.TextMeshPro.Player.csproj", "{206BEFF7-FF3D-DCB8-DFE5-C978D2ACBE9E}"
EndProject
Project("{FAE04EC0-301F-11D3-BF4B-00C04F79EFBC}") = "Unity.2D.Animation.Runtime", "Unity.2D.Animation.Runtime.Player.csproj", "{2C74262D-FABF-6437-B0C4-820FF9E2C952}"
EndProject
Project("{FAE04EC0-301F-11D3-BF4B-00C04F79EFBC}") = "Unity.2D.IK.Runtime", "Unity.2D.IK.Runtime.Player.csproj", "{AE87F902-9AA5-234B-DE84-F1F2C4194603}"
EndProject
Project("{FAE04EC0-301F-11D3-BF4B-00C04F79EFBC}") = "Unity.2D.SpriteShape.Runtime", "Unity.2D.SpriteShape.Runtime.Player.csproj", "{6757821A-7C05-8789-DB77-B34B2203F70E}"
EndProject
Project("{FAE04EC0-301F-11D3-BF4B-00C04F79EFBC}") = "Unity.2D.PixelPerfect", "Unity.2D.PixelPerfect.Player.csproj", "{6D675730-93D1-FEDD-22F6-7F7A0AC35FA1}"
EndProject
Project("{FAE04EC0-301F-11D3-BF4B-00C04F79EFBC}") = "Assembly-CSharp", "Assembly-CSharp.Player.csproj", "{D02D3D14-7C6C-1D0F-8F40-7E1B9233F84A}"
EndProject
Project("{FAE04EC0-301F-11D3-BF4B-00C04F79EFBC}") = "Unity.2D.Common.Runtime", "Unity.2D.Common.Runtime.Player.csproj", "{04706A26-ABD8-B1CE-7FEE-56D1D24B32F7}"
EndProject
Project("{FAE04EC0-301F-11D3-BF4B-00C04F79EFBC}") = "Unity.InternalAPIEngineBridge.001", "Unity.InternalAPIEngineBridge.001.Player.csproj", "{7567F2C9-767D-EA6D-B931-07CCA8FFC773}"
EndProject
Global
	GlobalSection(SolutionConfigurationPlatforms) = preSolution
		Debug|Any CPU = Debug|Any CPU
		Release|Any CPU = Release|Any CPU
	EndGlobalSection
	GlobalSection(ProjectConfigurationPlatforms) = postSolution
		{813D95ED-2AF4-48F7-018B-FF63BCDEA75E}.Debug|Any CPU.ActiveCfg = Debug|Any CPU
		{813D95ED-2AF4-48F7-018B-FF63BCDEA75E}.Debug|Any CPU.Build.0 = Debug|Any CPU
		{813D95ED-2AF4-48F7-018B-FF63BCDEA75E}.Release|Any CPU.ActiveCfg = Release|Any CPU
		{813D95ED-2AF4-48F7-018B-FF63BCDEA75E}.Release|Any CPU.Build.0 = Release|Any CPU
		{96682FB1-785E-F92B-2248-16BAE4087947}.Debug|Any CPU.ActiveCfg = Debug|Any CPU
		{96682FB1-785E-F92B-2248-16BAE4087947}.Debug|Any CPU.Build.0 = Debug|Any CPU
		{96682FB1-785E-F92B-2248-16BAE4087947}.Release|Any CPU.ActiveCfg = Release|Any CPU
		{96682FB1-785E-F92B-2248-16BAE4087947}.Release|Any CPU.Build.0 = Release|Any CPU
		{3F0F78DD-84D0-F6B2-7D89-7FBA801775F7}.Debug|Any CPU.ActiveCfg = Debug|Any CPU
		{3F0F78DD-84D0-F6B2-7D89-7FBA801775F7}.Debug|Any CPU.Build.0 = Debug|Any CPU
		{3F0F78DD-84D0-F6B2-7D89-7FBA801775F7}.Release|Any CPU.ActiveCfg = Release|Any CPU
		{3F0F78DD-84D0-F6B2-7D89-7FBA801775F7}.Release|Any CPU.Build.0 = Release|Any CPU
		{78D9813F-7AE5-3EA5-1F8F-4CAB05F73E1C}.Debug|Any CPU.ActiveCfg = Debug|Any CPU
		{78D9813F-7AE5-3EA5-1F8F-4CAB05F73E1C}.Debug|Any CPU.Build.0 = Debug|Any CPU
		{78D9813F-7AE5-3EA5-1F8F-4CAB05F73E1C}.Release|Any CPU.ActiveCfg = Release|Any CPU
		{78D9813F-7AE5-3EA5-1F8F-4CAB05F73E1C}.Release|Any CPU.Build.0 = Release|Any CPU
		{DC40C48D-AF0E-833F-A7DB-92C934DE19F2}.Debug|Any CPU.ActiveCfg = Debug|Any CPU
		{DC40C48D-AF0E-833F-A7DB-92C934DE19F2}.Debug|Any CPU.Build.0 = Debug|Any CPU
		{DC40C48D-AF0E-833F-A7DB-92C934DE19F2}.Release|Any CPU.ActiveCfg = Release|Any CPU
		{DC40C48D-AF0E-833F-A7DB-92C934DE19F2}.Release|Any CPU.Build.0 = Release|Any CPU
		{7926E67D-E117-E215-3827-9FC841EEC1BF}.Debug|Any CPU.ActiveCfg = Debug|Any CPU
		{7926E67D-E117-E215-3827-9FC841EEC1BF}.Debug|Any CPU.Build.0 = Debug|Any CPU
		{7926E67D-E117-E215-3827-9FC841EEC1BF}.Release|Any CPU.ActiveCfg = Release|Any CPU
		{7926E67D-E117-E215-3827-9FC841EEC1BF}.Release|Any CPU.Build.0 = Release|Any CPU
		{FA626153-DDEC-A16C-6C80-522BFC239185}.Debug|Any CPU.ActiveCfg = Debug|Any CPU
		{FA626153-DDEC-A16C-6C80-522BFC239185}.Debug|Any CPU.Build.0 = Debug|Any CPU
		{FA626153-DDEC-A16C-6C80-522BFC239185}.Release|Any CPU.ActiveCfg = Release|Any CPU
		{FA626153-DDEC-A16C-6C80-522BFC239185}.Release|Any CPU.Build.0 = Release|Any CPU
		{6E46DF6A-BCB8-021A-610D-E00EEBA2583E}.Debug|Any CPU.ActiveCfg = Debug|Any CPU
		{6E46DF6A-BCB8-021A-610D-E00EEBA2583E}.Debug|Any CPU.Build.0 = Debug|Any CPU
		{6E46DF6A-BCB8-021A-610D-E00EEBA2583E}.Release|Any CPU.ActiveCfg = Release|Any CPU
		{6E46DF6A-BCB8-021A-610D-E00EEBA2583E}.Release|Any CPU.Build.0 = Release|Any CPU
		{DB7A3EB2-24AA-CDC7-AC8E-222EA9F36594}.Debug|Any CPU.ActiveCfg = Debug|Any CPU
		{DB7A3EB2-24AA-CDC7-AC8E-222EA9F36594}.Debug|Any CPU.Build.0 = Debug|Any CPU
		{DB7A3EB2-24AA-CDC7-AC8E-222EA9F36594}.Release|Any CPU.ActiveCfg = Release|Any CPU
		{DB7A3EB2-24AA-CDC7-AC8E-222EA9F36594}.Release|Any CPU.Build.0 = Release|Any CPU
		{D3309719-E0A3-0E86-7244-F88B72B46908}.Debug|Any CPU.ActiveCfg = Debug|Any CPU
		{D3309719-E0A3-0E86-7244-F88B72B46908}.Debug|Any CPU.Build.0 = Debug|Any CPU
		{D3309719-E0A3-0E86-7244-F88B72B46908}.Release|Any CPU.ActiveCfg = Release|Any CPU
		{D3309719-E0A3-0E86-7244-F88B72B46908}.Release|Any CPU.Build.0 = Release|Any CPU
		{296D509D-0597-D767-7C05-E11D9DAB9E8A}.Debug|Any CPU.ActiveCfg = Debug|Any CPU
		{296D509D-0597-D767-7C05-E11D9DAB9E8A}.Debug|Any CPU.Build.0 = Debug|Any CPU
		{296D509D-0597-D767-7C05-E11D9DAB9E8A}.Release|Any CPU.ActiveCfg = Release|Any CPU
		{296D509D-0597-D767-7C05-E11D9DAB9E8A}.Release|Any CPU.Build.0 = Release|Any CPU
		{B4091B9D-3E2B-4682-96FC-C29F9F5107BE}.Debug|Any CPU.ActiveCfg = Debug|Any CPU
		{B4091B9D-3E2B-4682-96FC-C29F9F5107BE}.Debug|Any CPU.Build.0 = Debug|Any CPU
		{B4091B9D-3E2B-4682-96FC-C29F9F5107BE}.Release|Any CPU.ActiveCfg = Release|Any CPU
		{B4091B9D-3E2B-4682-96FC-C29F9F5107BE}.Release|Any CPU.Build.0 = Release|Any CPU
		{933D9CE8-79EE-AF6A-B18E-ADDA9FDEA299}.Debug|Any CPU.ActiveCfg = Debug|Any CPU
		{933D9CE8-79EE-AF6A-B18E-ADDA9FDEA299}.Debug|Any CPU.Build.0 = Debug|Any CPU
		{933D9CE8-79EE-AF6A-B18E-ADDA9FDEA299}.Release|Any CPU.ActiveCfg = Release|Any CPU
		{933D9CE8-79EE-AF6A-B18E-ADDA9FDEA299}.Release|Any CPU.Build.0 = Release|Any CPU
		{9F5275E2-0123-E021-8C3A-25E060EF24C1}.Debug|Any CPU.ActiveCfg = Debug|Any CPU
		{9F5275E2-0123-E021-8C3A-25E060EF24C1}.Debug|Any CPU.Build.0 = Debug|Any CPU
		{9F5275E2-0123-E021-8C3A-25E060EF24C1}.Release|Any CPU.ActiveCfg = Release|Any CPU
		{9F5275E2-0123-E021-8C3A-25E060EF24C1}.Release|Any CPU.Build.0 = Release|Any CPU
		{15687A3E-AC78-2293-3332-6CF6A434BDA8}.Debug|Any CPU.ActiveCfg = Debug|Any CPU
		{15687A3E-AC78-2293-3332-6CF6A434BDA8}.Debug|Any CPU.Build.0 = Debug|Any CPU
		{15687A3E-AC78-2293-3332-6CF6A434BDA8}.Release|Any CPU.ActiveCfg = Release|Any CPU
		{15687A3E-AC78-2293-3332-6CF6A434BDA8}.Release|Any CPU.Build.0 = Release|Any CPU
		{79EE754C-7178-9CC1-784B-4FACBE222C0F}.Debug|Any CPU.ActiveCfg = Debug|Any CPU
		{79EE754C-7178-9CC1-784B-4FACBE222C0F}.Debug|Any CPU.Build.0 = Debug|Any CPU
		{79EE754C-7178-9CC1-784B-4FACBE222C0F}.Release|Any CPU.ActiveCfg = Release|Any CPU
		{79EE754C-7178-9CC1-784B-4FACBE222C0F}.Release|Any CPU.Build.0 = Release|Any CPU
		{2021A039-DCB9-FB1C-F5E1-AB310B46464A}.Debug|Any CPU.ActiveCfg = Debug|Any CPU
		{2021A039-DCB9-FB1C-F5E1-AB310B46464A}.Debug|Any CPU.Build.0 = Debug|Any CPU
		{2021A039-DCB9-FB1C-F5E1-AB310B46464A}.Release|Any CPU.ActiveCfg = Release|Any CPU
		{2021A039-DCB9-FB1C-F5E1-AB310B46464A}.Release|Any CPU.Build.0 = Release|Any CPU
		{1E96FEF4-11D3-EA73-4D82-6AF0DC10FF20}.Debug|Any CPU.ActiveCfg = Debug|Any CPU
		{1E96FEF4-11D3-EA73-4D82-6AF0DC10FF20}.Debug|Any CPU.Build.0 = Debug|Any CPU
		{1E96FEF4-11D3-EA73-4D82-6AF0DC10FF20}.Release|Any CPU.ActiveCfg = Release|Any CPU
		{1E96FEF4-11D3-EA73-4D82-6AF0DC10FF20}.Release|Any CPU.Build.0 = Release|Any CPU
		{429CF771-2EF9-3AC7-F5C2-AECA77249A1B}.Debug|Any CPU.ActiveCfg = Debug|Any CPU
		{429CF771-2EF9-3AC7-F5C2-AECA77249A1B}.Debug|Any CPU.Build.0 = Debug|Any CPU
		{429CF771-2EF9-3AC7-F5C2-AECA77249A1B}.Release|Any CPU.ActiveCfg = Release|Any CPU
		{429CF771-2EF9-3AC7-F5C2-AECA77249A1B}.Release|Any CPU.Build.0 = Release|Any CPU
		{CC34F6A9-4AED-5702-50C5-648C3513F5A2}.Debug|Any CPU.ActiveCfg = Debug|Any CPU
		{CC34F6A9-4AED-5702-50C5-648C3513F5A2}.Debug|Any CPU.Build.0 = Debug|Any CPU
		{CC34F6A9-4AED-5702-50C5-648C3513F5A2}.Release|Any CPU.ActiveCfg = Release|Any CPU
		{CC34F6A9-4AED-5702-50C5-648C3513F5A2}.Release|Any CPU.Build.0 = Release|Any CPU
		{3A0BD54B-97AF-3A04-ADD2-A79A67A0D647}.Debug|Any CPU.ActiveCfg = Debug|Any CPU
		{3A0BD54B-97AF-3A04-ADD2-A79A67A0D647}.Debug|Any CPU.Build.0 = Debug|Any CPU
		{3A0BD54B-97AF-3A04-ADD2-A79A67A0D647}.Release|Any CPU.ActiveCfg = Release|Any CPU
		{3A0BD54B-97AF-3A04-ADD2-A79A67A0D647}.Release|Any CPU.Build.0 = Release|Any CPU
		{A4F993C4-49C5-DCFB-12D1-6155DEFDD090}.Debug|Any CPU.ActiveCfg = Debug|Any CPU
		{A4F993C4-49C5-DCFB-12D1-6155DEFDD090}.Debug|Any CPU.Build.0 = Debug|Any CPU
		{A4F993C4-49C5-DCFB-12D1-6155DEFDD090}.Release|Any CPU.ActiveCfg = Release|Any CPU
		{A4F993C4-49C5-DCFB-12D1-6155DEFDD090}.Release|Any CPU.Build.0 = Release|Any CPU
		{50C3A6F9-D977-C756-4E25-0F10B8B01A9C}.Debug|Any CPU.ActiveCfg = Debug|Any CPU
		{50C3A6F9-D977-C756-4E25-0F10B8B01A9C}.Debug|Any CPU.Build.0 = Debug|Any CPU
		{50C3A6F9-D977-C756-4E25-0F10B8B01A9C}.Release|Any CPU.ActiveCfg = Release|Any CPU
		{50C3A6F9-D977-C756-4E25-0F10B8B01A9C}.Release|Any CPU.Build.0 = Release|Any CPU
		{7DB6A41A-C64A-2058-5E16-A66D2A483BAC}.Debug|Any CPU.ActiveCfg = Debug|Any CPU
		{7DB6A41A-C64A-2058-5E16-A66D2A483BAC}.Debug|Any CPU.Build.0 = Debug|Any CPU
		{7DB6A41A-C64A-2058-5E16-A66D2A483BAC}.Release|Any CPU.ActiveCfg = Release|Any CPU
		{7DB6A41A-C64A-2058-5E16-A66D2A483BAC}.Release|Any CPU.Build.0 = Release|Any CPU
		{3186FF82-2321-A508-4EFD-1DD23710AF9B}.Debug|Any CPU.ActiveCfg = Debug|Any CPU
		{3186FF82-2321-A508-4EFD-1DD23710AF9B}.Debug|Any CPU.Build.0 = Debug|Any CPU
		{3186FF82-2321-A508-4EFD-1DD23710AF9B}.Release|Any CPU.ActiveCfg = Release|Any CPU
		{3186FF82-2321-A508-4EFD-1DD23710AF9B}.Release|Any CPU.Build.0 = Release|Any CPU
		{16F5D784-8737-8EAD-69B8-050BB8CDE9BA}.Debug|Any CPU.ActiveCfg = Debug|Any CPU
		{16F5D784-8737-8EAD-69B8-050BB8CDE9BA}.Debug|Any CPU.Build.0 = Debug|Any CPU
		{16F5D784-8737-8EAD-69B8-050BB8CDE9BA}.Release|Any CPU.ActiveCfg = Release|Any CPU
		{16F5D784-8737-8EAD-69B8-050BB8CDE9BA}.Release|Any CPU.Build.0 = Release|Any CPU
		{923AFDBB-03A8-4413-45C8-E3DDC5061E5F}.Debug|Any CPU.ActiveCfg = Debug|Any CPU
		{923AFDBB-03A8-4413-45C8-E3DDC5061E5F}.Debug|Any CPU.Build.0 = Debug|Any CPU
		{923AFDBB-03A8-4413-45C8-E3DDC5061E5F}.Release|Any CPU.ActiveCfg = Release|Any CPU
		{923AFDBB-03A8-4413-45C8-E3DDC5061E5F}.Release|Any CPU.Build.0 = Release|Any CPU
		{2B358469-B970-3377-AA3B-BC30E9DAE507}.Debug|Any CPU.ActiveCfg = Debug|Any CPU
		{2B358469-B970-3377-AA3B-BC30E9DAE507}.Debug|Any CPU.Build.0 = Debug|Any CPU
		{2B358469-B970-3377-AA3B-BC30E9DAE507}.Release|Any CPU.ActiveCfg = Release|Any CPU
		{2B358469-B970-3377-AA3B-BC30E9DAE507}.Release|Any CPU.Build.0 = Release|Any CPU
		{FCF34351-A5F4-A98D-17CF-5FA40E2DE2BF}.Debug|Any CPU.ActiveCfg = Debug|Any CPU
		{FCF34351-A5F4-A98D-17CF-5FA40E2DE2BF}.Debug|Any CPU.Build.0 = Debug|Any CPU
		{FCF34351-A5F4-A98D-17CF-5FA40E2DE2BF}.Release|Any CPU.ActiveCfg = Release|Any CPU
		{FCF34351-A5F4-A98D-17CF-5FA40E2DE2BF}.Release|Any CPU.Build.0 = Release|Any CPU
		{9968F247-8BB5-1047-D99D-44FA45ADDBEA}.Debug|Any CPU.ActiveCfg = Debug|Any CPU
		{9968F247-8BB5-1047-D99D-44FA45ADDBEA}.Debug|Any CPU.Build.0 = Debug|Any CPU
		{9968F247-8BB5-1047-D99D-44FA45ADDBEA}.Release|Any CPU.ActiveCfg = Release|Any CPU
		{9968F247-8BB5-1047-D99D-44FA45ADDBEA}.Release|Any CPU.Build.0 = Release|Any CPU
		{E880E594-1BBD-267E-314D-216E63DCB3B7}.Debug|Any CPU.ActiveCfg = Debug|Any CPU
		{E880E594-1BBD-267E-314D-216E63DCB3B7}.Debug|Any CPU.Build.0 = Debug|Any CPU
		{E880E594-1BBD-267E-314D-216E63DCB3B7}.Release|Any CPU.ActiveCfg = Release|Any CPU
		{E880E594-1BBD-267E-314D-216E63DCB3B7}.Release|Any CPU.Build.0 = Release|Any CPU
		{9C824389-5668-04C6-CBB4-CCB45DDCCF35}.Debug|Any CPU.ActiveCfg = Debug|Any CPU
		{9C824389-5668-04C6-CBB4-CCB45DDCCF35}.Debug|Any CPU.Build.0 = Debug|Any CPU
		{9C824389-5668-04C6-CBB4-CCB45DDCCF35}.Release|Any CPU.ActiveCfg = Release|Any CPU
		{9C824389-5668-04C6-CBB4-CCB45DDCCF35}.Release|Any CPU.Build.0 = Release|Any CPU
		{A0900BCD-99A5-5EF5-DBF5-9EC6CDB8F1E9}.Debug|Any CPU.ActiveCfg = Debug|Any CPU
		{A0900BCD-99A5-5EF5-DBF5-9EC6CDB8F1E9}.Debug|Any CPU.Build.0 = Debug|Any CPU
		{A0900BCD-99A5-5EF5-DBF5-9EC6CDB8F1E9}.Release|Any CPU.ActiveCfg = Release|Any CPU
		{A0900BCD-99A5-5EF5-DBF5-9EC6CDB8F1E9}.Release|Any CPU.Build.0 = Release|Any CPU
		{D3EDDE13-AB9B-FA17-B4B5-095810B4E173}.Debug|Any CPU.ActiveCfg = Debug|Any CPU
		{D3EDDE13-AB9B-FA17-B4B5-095810B4E173}.Debug|Any CPU.Build.0 = Debug|Any CPU
		{D3EDDE13-AB9B-FA17-B4B5-095810B4E173}.Release|Any CPU.ActiveCfg = Release|Any CPU
		{D3EDDE13-AB9B-FA17-B4B5-095810B4E173}.Release|Any CPU.Build.0 = Release|Any CPU
		{D9E0F5BF-7287-D38B-1AB3-FEF45C7AC2FA}.Debug|Any CPU.ActiveCfg = Debug|Any CPU
		{D9E0F5BF-7287-D38B-1AB3-FEF45C7AC2FA}.Debug|Any CPU.Build.0 = Debug|Any CPU
		{D9E0F5BF-7287-D38B-1AB3-FEF45C7AC2FA}.Release|Any CPU.ActiveCfg = Release|Any CPU
		{D9E0F5BF-7287-D38B-1AB3-FEF45C7AC2FA}.Release|Any CPU.Build.0 = Release|Any CPU
		{9049C222-F00A-BBA0-8833-759DF69B531C}.Debug|Any CPU.ActiveCfg = Debug|Any CPU
		{9049C222-F00A-BBA0-8833-759DF69B531C}.Debug|Any CPU.Build.0 = Debug|Any CPU
		{9049C222-F00A-BBA0-8833-759DF69B531C}.Release|Any CPU.ActiveCfg = Release|Any CPU
		{9049C222-F00A-BBA0-8833-759DF69B531C}.Release|Any CPU.Build.0 = Release|Any CPU
		{75E71837-66F2-BE2D-8AE8-34F840F1DD4D}.Debug|Any CPU.ActiveCfg = Debug|Any CPU
		{75E71837-66F2-BE2D-8AE8-34F840F1DD4D}.Debug|Any CPU.Build.0 = Debug|Any CPU
		{75E71837-66F2-BE2D-8AE8-34F840F1DD4D}.Release|Any CPU.ActiveCfg = Release|Any CPU
		{75E71837-66F2-BE2D-8AE8-34F840F1DD4D}.Release|Any CPU.Build.0 = Release|Any CPU
		{11CEDF1F-5495-83B2-87CA-85A9E7B49383}.Debug|Any CPU.ActiveCfg = Debug|Any CPU
		{11CEDF1F-5495-83B2-87CA-85A9E7B49383}.Debug|Any CPU.Build.0 = Debug|Any CPU
		{11CEDF1F-5495-83B2-87CA-85A9E7B49383}.Release|Any CPU.ActiveCfg = Release|Any CPU
		{11CEDF1F-5495-83B2-87CA-85A9E7B49383}.Release|Any CPU.Build.0 = Release|Any CPU
		{F41F5343-3ACE-EFF4-4236-F255DB18D86F}.Debug|Any CPU.ActiveCfg = Debug|Any CPU
		{F41F5343-3ACE-EFF4-4236-F255DB18D86F}.Debug|Any CPU.Build.0 = Debug|Any CPU
		{F41F5343-3ACE-EFF4-4236-F255DB18D86F}.Release|Any CPU.ActiveCfg = Release|Any CPU
		{F41F5343-3ACE-EFF4-4236-F255DB18D86F}.Release|Any CPU.Build.0 = Release|Any CPU
		{38563E34-3A43-AE01-9C13-A22BF78EFADC}.Debug|Any CPU.ActiveCfg = Debug|Any CPU
		{38563E34-3A43-AE01-9C13-A22BF78EFADC}.Debug|Any CPU.Build.0 = Debug|Any CPU
		{38563E34-3A43-AE01-9C13-A22BF78EFADC}.Release|Any CPU.ActiveCfg = Release|Any CPU
		{38563E34-3A43-AE01-9C13-A22BF78EFADC}.Release|Any CPU.Build.0 = Release|Any CPU
		{206BEFF7-FF3D-DCB8-DFE5-C978D2ACBE9E}.Debug|Any CPU.ActiveCfg = Debug|Any CPU
		{206BEFF7-FF3D-DCB8-DFE5-C978D2ACBE9E}.Debug|Any CPU.Build.0 = Debug|Any CPU
		{206BEFF7-FF3D-DCB8-DFE5-C978D2ACBE9E}.Release|Any CPU.ActiveCfg = Release|Any CPU
		{206BEFF7-FF3D-DCB8-DFE5-C978D2ACBE9E}.Release|Any CPU.Build.0 = Release|Any CPU
		{2C74262D-FABF-6437-B0C4-820FF9E2C952}.Debug|Any CPU.ActiveCfg = Debug|Any CPU
		{2C74262D-FABF-6437-B0C4-820FF9E2C952}.Debug|Any CPU.Build.0 = Debug|Any CPU
		{2C74262D-FABF-6437-B0C4-820FF9E2C952}.Release|Any CPU.ActiveCfg = Release|Any CPU
		{2C74262D-FABF-6437-B0C4-820FF9E2C952}.Release|Any CPU.Build.0 = Release|Any CPU
		{AE87F902-9AA5-234B-DE84-F1F2C4194603}.Debug|Any CPU.ActiveCfg = Debug|Any CPU
		{AE87F902-9AA5-234B-DE84-F1F2C4194603}.Debug|Any CPU.Build.0 = Debug|Any CPU
		{AE87F902-9AA5-234B-DE84-F1F2C4194603}.Release|Any CPU.ActiveCfg = Release|Any CPU
		{AE87F902-9AA5-234B-DE84-F1F2C4194603}.Release|Any CPU.Build.0 = Release|Any CPU
		{6757821A-7C05-8789-DB77-B34B2203F70E}.Debug|Any CPU.ActiveCfg = Debug|Any CPU
		{6757821A-7C05-8789-DB77-B34B2203F70E}.Debug|Any CPU.Build.0 = Debug|Any CPU
		{6757821A-7C05-8789-DB77-B34B2203F70E}.Release|Any CPU.ActiveCfg = Release|Any CPU
		{6757821A-7C05-8789-DB77-B34B2203F70E}.Release|Any CPU.Build.0 = Release|Any CPU
		{6D675730-93D1-FEDD-22F6-7F7A0AC35FA1}.Debug|Any CPU.ActiveCfg = Debug|Any CPU
		{6D675730-93D1-FEDD-22F6-7F7A0AC35FA1}.Debug|Any CPU.Build.0 = Debug|Any CPU
		{6D675730-93D1-FEDD-22F6-7F7A0AC35FA1}.Release|Any CPU.ActiveCfg = Release|Any CPU
		{6D675730-93D1-FEDD-22F6-7F7A0AC35FA1}.Release|Any CPU.Build.0 = Release|Any CPU
		{D02D3D14-7C6C-1D0F-8F40-7E1B9233F84A}.Debug|Any CPU.ActiveCfg = Debug|Any CPU
		{D02D3D14-7C6C-1D0F-8F40-7E1B9233F84A}.Debug|Any CPU.Build.0 = Debug|Any CPU
		{D02D3D14-7C6C-1D0F-8F40-7E1B9233F84A}.Release|Any CPU.ActiveCfg = Release|Any CPU
		{D02D3D14-7C6C-1D0F-8F40-7E1B9233F84A}.Release|Any CPU.Build.0 = Release|Any CPU
		{04706A26-ABD8-B1CE-7FEE-56D1D24B32F7}.Debug|Any CPU.ActiveCfg = Debug|Any CPU
		{04706A26-ABD8-B1CE-7FEE-56D1D24B32F7}.Debug|Any CPU.Build.0 = Debug|Any CPU
		{04706A26-ABD8-B1CE-7FEE-56D1D24B32F7}.Release|Any CPU.ActiveCfg = Release|Any CPU
		{04706A26-ABD8-B1CE-7FEE-56D1D24B32F7}.Release|Any CPU.Build.0 = Release|Any CPU
		{7567F2C9-767D-EA6D-B931-07CCA8FFC773}.Debug|Any CPU.ActiveCfg = Debug|Any CPU
		{7567F2C9-767D-EA6D-B931-07CCA8FFC773}.Debug|Any CPU.Build.0 = Debug|Any CPU
		{7567F2C9-767D-EA6D-B931-07CCA8FFC773}.Release|Any CPU.ActiveCfg = Release|Any CPU
		{7567F2C9-767D-EA6D-B931-07CCA8FFC773}.Release|Any CPU.Build.0 = Release|Any CPU
	EndGlobalSection
	GlobalSection(SolutionProperties) = preSolution
		HideSolutionNode = FALSE
	EndGlobalSection
EndGlobal
